
Microsoft Visual Studio Solution File, Format Version 12.00
# Visual Studio Version 16
VisualStudioVersion = 16.0.29215.179
MinimumVisualStudioVersion = 10.0.40219.1
Project("{9A19103F-16F7-4668-BE54-9A1E7A4F7556}") = "Panosen.Text.Extension", "Panosen.Text.Extension\Panosen.Text.Extension.csproj", "{D23841FB-8065-49D2-A61E-52194557B3A3}"
EndProject
Project("{FAE04EC0-301F-11D3-BF4B-00C04F79EFBC}") = "Panosen.Text.Extension.MSTest", "Panosen.Text.Extension.MSTest\Panosen.Text.Extension.MSTest.csproj", "{39365D2B-4B24-4399-A161-1E94B445B232}"
EndProject
Global
	GlobalSection(SolutionConfigurationPlatforms) = preSolution
		Debug|Any CPU = Debug|Any CPU
		Release|Any CPU = Release|Any CPU
	EndGlobalSection
	GlobalSection(ProjectConfigurationPlatforms) = postSolution
		{D23841FB-8065-49D2-A61E-52194557B3A3}.Debug|Any CPU.ActiveCfg = Debug|Any CPU
		{D23841FB-8065-49D2-A61E-52194557B3A3}.Debug|Any CPU.Build.0 = Debug|Any CPU
		{D23841FB-8065-49D2-A61E-52194557B3A3}.Release|Any CPU.ActiveCfg = Release|Any CPU
		{D23841FB-8065-49D2-A61E-52194557B3A3}.Release|Any CPU.Build.0 = Release|Any CPU
		{39365D2B-4B24-4399-A161-1E94B445B232}.Debug|Any CPU.ActiveCfg = Debug|Any CPU
		{39365D2B-4B24-4399-A161-1E94B445B232}.Debug|Any CPU.Build.0 = Debug|Any CPU
		{39365D2B-4B24-4399-A161-1E94B445B232}.Release|Any CPU.ActiveCfg = Release|Any CPU
		{39365D2B-4B24-4399-A161-1E94B445B232}.Release|Any CPU.Build.0 = Release|Any CPU
	EndGlobalSection
	GlobalSection(SolutionProperties) = preSolution
		HideSolutionNode = FALSE
	EndGlobalSection
	GlobalSection(ExtensibilityGlobals) = postSolution
		SolutionGuid = {1A7E3F7E-0C75-4540-91E0-1625AE74DD86}
	EndGlobalSection
EndGlobal
